{
  "version": 4,
  "terraform_version": "1.13.4",
  "serial": 41,
  "lineage": "0603aa3e-9ae2-b8bf-02ae-6a7cedb97f5e",
  "outputs": {
    "backend_url": {
      "value": "https://flightsearch-backend-3w6ge26cuq-tl.a.run.app",
      "type": "string"
    },
    "frontend_url": {
      "value": "https://flightsearch-frontend-3w6ge26cuq-tl.a.run.app",
      "type": "string"
    }
  },
  "resources": [
    {
      "mode": "managed",
      "type": "google_artifact_registry_repository",
      "name": "backend",
      "provider": "provider[\"registry.terraform.io/hashicorp/google\"]",
      "instances": [
        {
          "schema_version": 0,
          "attributes": {
            "cleanup_policies": [],
            "cleanup_policy_dry_run": false,
            "create_time": "2025-10-27T13:25:01.122428Z",
            "description": "Backend container images",
            "docker_config": [],
            "effective_labels": {},
            "format": "DOCKER",
            "id": "projects/uade-476411/locations/southamerica-west1/repositories/backend",
            "kms_key_name": "",
            "labels": {},
            "location": "southamerica-west1",
            "maven_config": [],
            "mode": "STANDARD_REPOSITORY",
            "name": "backend",
            "project": "uade-476411",
            "remote_repository_config": [],
            "repository_id": "backend",
            "terraform_labels": {},
            "timeouts": null,
            "update_time": "2025-10-28T21:50:43.221605Z",
            "virtual_repository_config": []
          },
          "sensitive_attributes": [],
          "identity_schema_version": 0,
          "private": "eyJlMmJmYjczMC1lY2FhLTExZTYtOGY4OC0zNDM2M2JjN2M0YzAiOnsiY3JlYXRlIjoxMjAwMDAwMDAwMDAwLCJkZWxldGUiOjEyMDAwMDAwMDAwMDAsInVwZGF0ZSI6MTIwMDAwMDAwMDAwMH0sInNjaGVtYV92ZXJzaW9uIjoiMCJ9"
        }
      ]
    },
    {
      "mode": "managed",
      "type": "google_artifact_registry_repository",
      "name": "frontend",
      "provider": "provider[\"registry.terraform.io/hashicorp/google\"]",
      "instances": [
        {
          "schema_version": 0,
          "attributes": {
            "cleanup_policies": [],
            "cleanup_policy_dry_run": false,
            "create_time": "2025-10-27T13:25:29.389944Z",
            "description": "Frontend container images",
            "docker_config": [],
            "effective_labels": {},
            "format": "DOCKER",
            "id": "projects/uade-476411/locations/southamerica-west1/repositories/frontend",
            "kms_key_name": "",
            "labels": {},
            "location": "southamerica-west1",
            "maven_config": [],
            "mode": "STANDARD_REPOSITORY",
            "name": "frontend",
            "project": "uade-476411",
            "remote_repository_config": [],
            "repository_id": "frontend",
            "terraform_labels": {},
            "timeouts": null,
            "update_time": "2025-10-28T21:05:50.489414Z",
            "virtual_repository_config": []
          },
          "sensitive_attributes": [],
          "identity_schema_version": 0,
          "private": "eyJlMmJmYjczMC1lY2FhLTExZTYtOGY4OC0zNDM2M2JjN2M0YzAiOnsiY3JlYXRlIjoxMjAwMDAwMDAwMDAwLCJkZWxldGUiOjEyMDAwMDAwMDAwMDAsInVwZGF0ZSI6MTIwMDAwMDAwMDAwMH0sInNjaGVtYV92ZXJzaW9uIjoiMCJ9"
        }
      ]
    },
    {
      "mode": "managed",
      "type": "google_cloud_run_service",
      "name": "backend",
      "provider": "provider[\"registry.terraform.io/hashicorp/google\"]",
      "instances": [
        {
          "schema_version": 2,
          "attributes": {
            "autogenerate_revision_name": false,
            "id": "locations/southamerica-west1/namespaces/uade-476411/services/flightsearch-backend",
            "location": "southamerica-west1",
            "metadata": [
              {
                "annotations": {},
                "effective_annotations": {
                  "run.googleapis.com/ingress": "all",
                  "run.googleapis.com/ingress-status": "all",
                  "run.googleapis.com/operation-id": "1f30c7fc-630e-4045-888c-fe8d3b1598fa",
                  "run.googleapis.com/urls": "[\"https://flightsearch-backend-778211537053.southamerica-west1.run.app\",\"https://flightsearch-backend-3w6ge26cuq-tl.a.run.app\"]",
                  "serving.knative.dev/creator": "lucasargerichcoder@gmail.com",
                  "serving.knative.dev/lastModifier": "lucasargerichcoder@gmail.com"
                },
                "effective_labels": {
                  "cloud.googleapis.com/location": "southamerica-west1"
                },
                "generation": 1,
                "labels": {},
                "namespace": "uade-476411",
                "resource_version": "AAZCPwQ4uWw",
                "self_link": "/apis/serving.knative.dev/v1/namespaces/778211537053/services/flightsearch-backend",
                "terraform_labels": {},
                "uid": "1d759afb-2ca4-4c3d-9db5-225534a224a5"
              }
            ],
            "name": "flightsearch-backend",
            "project": "uade-476411",
            "status": [
              {
                "conditions": [
                  {
                    "message": "",
                    "reason": "",
                    "status": "True",
                    "type": "Ready"
                  },
                  {
                    "message": "",
                    "reason": "",
                    "status": "True",
                    "type": "ConfigurationsReady"
                  },
                  {
                    "message": "",
                    "reason": "",
                    "status": "True",
                    "type": "RoutesReady"
                  }
                ],
                "latest_created_revision_name": "flightsearch-backend-00001-9d6",
                "latest_ready_revision_name": "flightsearch-backend-00001-9d6",
                "observed_generation": 1,
                "traffic": [
                  {
                    "latest_revision": true,
                    "percent": 100,
                    "revision_name": "flightsearch-backend-00001-9d6",
                    "tag": "",
                    "url": ""
                  }
                ],
                "url": "https://flightsearch-backend-3w6ge26cuq-tl.a.run.app"
              }
            ],
            "template": [
              {
                "metadata": [
                  {
                    "annotations": {
                      "autoscaling.knative.dev/maxScale": "20"
                    },
                    "generation": 0,
                    "labels": {
                      "run.googleapis.com/startupProbeType": "Default"
                    },
                    "name": "",
                    "namespace": "",
                    "resource_version": "",
                    "self_link": "",
                    "uid": ""
                  }
                ],
                "spec": [
                  {
                    "container_concurrency": 80,
                    "containers": [
                      {
                        "args": [],
                        "command": [],
                        "env": [],
                        "env_from": [],
                        "image": "southamerica-west1-docker.pkg.dev/uade-476411/backend/backend:latest",
                        "liveness_probe": [],
                        "name": "",
                        "ports": [
                          {
                            "container_port": 8080,
                            "name": "http1",
                            "protocol": ""
                          }
                        ],
                        "resources": [
                          {
                            "limits": {
                              "cpu": "1000m",
                              "memory": "512Mi"
                            },
                            "requests": {}
                          }
                        ],
                        "startup_probe": [
                          {
                            "failure_threshold": 1,
                            "grpc": [],
                            "http_get": [],
                            "initial_delay_seconds": 0,
                            "period_seconds": 240,
                            "tcp_socket": [
                              {
                                "port": 8080
                              }
                            ],
                            "timeout_seconds": 240
                          }
                        ],
                        "volume_mounts": [],
                        "working_dir": ""
                      }
                    ],
                    "service_account_name": "778211537053-compute@developer.gserviceaccount.com",
                    "serving_state": "",
                    "timeout_seconds": 300,
                    "volumes": []
                  }
                ]
              }
            ],
            "timeouts": null,
            "traffic": [
              {
                "latest_revision": true,
                "percent": 100,
                "revision_name": "",
                "tag": "",
                "url": ""
              }
            ]
          },
          "sensitive_attributes": [],
          "identity_schema_version": 0,
          "private": "eyJlMmJmYjczMC1lY2FhLTExZTYtOGY4OC0zNDM2M2JjN2M0YzAiOnsiY3JlYXRlIjoxMjAwMDAwMDAwMDAwLCJkZWxldGUiOjEyMDAwMDAwMDAwMDAsInVwZGF0ZSI6MTIwMDAwMDAwMDAwMH0sInNjaGVtYV92ZXJzaW9uIjoiMiJ9"
        }
      ]
    },
    {
      "mode": "managed",
      "type": "google_cloud_run_service",
      "name": "frontend",
      "provider": "provider[\"registry.terraform.io/hashicorp/google\"]",
      "instances": [
        {
          "schema_version": 2,
          "attributes": {
            "autogenerate_revision_name": false,
            "id": "locations/southamerica-west1/namespaces/uade-476411/services/flightsearch-frontend",
            "location": "southamerica-west1",
            "metadata": [
              {
                "annotations": {},
                "effective_annotations": {
                  "run.googleapis.com/ingress": "all",
                  "run.googleapis.com/ingress-status": "all",
                  "run.googleapis.com/operation-id": "f85513b5-d90f-453b-8695-dfeb090fae9c",
                  "run.googleapis.com/urls": "[\"https://flightsearch-frontend-778211537053.southamerica-west1.run.app\",\"https://flightsearch-frontend-3w6ge26cuq-tl.a.run.app\"]",
                  "serving.knative.dev/creator": "lucasargerichcoder@gmail.com",
                  "serving.knative.dev/lastModifier": "lucasargerichcoder@gmail.com"
                },
                "effective_labels": {
                  "cloud.googleapis.com/location": "southamerica-west1"
                },
                "generation": 1,
                "labels": {},
                "namespace": "uade-476411",
                "resource_version": "AAZCPgpMnCE",
                "self_link": "/apis/serving.knative.dev/v1/namespaces/778211537053/services/flightsearch-frontend",
                "terraform_labels": {},
                "uid": "7a5bc96d-0374-4467-8940-d98e7afd4401"
              }
            ],
            "name": "flightsearch-frontend",
            "project": "uade-476411",
            "status": [
              {
                "conditions": [
                  {
                    "message": "",
                    "reason": "",
                    "status": "True",
                    "type": "Ready"
                  },
                  {
                    "message": "",
                    "reason": "",
                    "status": "True",
                    "type": "ConfigurationsReady"
                  },
                  {
                    "message": "",
                    "reason": "",
                    "status": "True",
                    "type": "RoutesReady"
                  }
                ],
                "latest_created_revision_name": "flightsearch-frontend-00001-lq6",
                "latest_ready_revision_name": "flightsearch-frontend-00001-lq6",
                "observed_generation": 1,
                "traffic": [
                  {
                    "latest_revision": true,
                    "percent": 100,
                    "revision_name": "flightsearch-frontend-00001-lq6",
                    "tag": "",
                    "url": ""
                  }
                ],
                "url": "https://flightsearch-frontend-3w6ge26cuq-tl.a.run.app"
              }
            ],
            "template": [
              {
                "metadata": [
                  {
                    "annotations": {
                      "autoscaling.knative.dev/maxScale": "20"
                    },
                    "generation": 0,
                    "labels": {
                      "run.googleapis.com/startupProbeType": "Default"
                    },
                    "name": "",
                    "namespace": "",
                    "resource_version": "",
                    "self_link": "",
                    "uid": ""
                  }
                ],
                "spec": [
                  {
                    "container_concurrency": 80,
                    "containers": [
                      {
                        "args": [],
                        "command": [],
                        "env": [],
                        "env_from": [],
                        "image": "southamerica-west1-docker.pkg.dev/uade-476411/frontend/frontend:latest",
                        "liveness_probe": [],
                        "name": "",
                        "ports": [
                          {
                            "container_port": 80,
                            "name": "http1",
                            "protocol": ""
                          }
                        ],
                        "resources": [
                          {
                            "limits": {
                              "cpu": "1000m",
                              "memory": "512Mi"
                            },
                            "requests": {}
                          }
                        ],
                        "startup_probe": [
                          {
                            "failure_threshold": 1,
                            "grpc": [],
                            "http_get": [],
                            "initial_delay_seconds": 0,
                            "period_seconds": 240,
                            "tcp_socket": [
                              {
                                "port": 80
                              }
                            ],
                            "timeout_seconds": 240
                          }
                        ],
                        "volume_mounts": [],
                        "working_dir": ""
                      }
                    ],
                    "service_account_name": "778211537053-compute@developer.gserviceaccount.com",
                    "serving_state": "",
                    "timeout_seconds": 300,
                    "volumes": []
                  }
                ]
              }
            ],
            "timeouts": null,
            "traffic": [
              {
                "latest_revision": true,
                "percent": 100,
                "revision_name": "",
                "tag": "",
                "url": ""
              }
            ]
          },
          "sensitive_attributes": [],
          "identity_schema_version": 0,
          "private": "eyJlMmJmYjczMC1lY2FhLTExZTYtOGY4OC0zNDM2M2JjN2M0YzAiOnsiY3JlYXRlIjoxMjAwMDAwMDAwMDAwLCJkZWxldGUiOjEyMDAwMDAwMDAwMDAsInVwZGF0ZSI6MTIwMDAwMDAwMDAwMH0sInNjaGVtYV92ZXJzaW9uIjoiMiJ9"
        }
      ]
    },
    {
      "mode": "managed",
      "type": "google_cloud_run_service_iam_binding",
      "name": "backend_public",
      "provider": "provider[\"registry.terraform.io/hashicorp/google\"]",
      "instances": [
        {
          "schema_version": 0,
          "attributes": {
            "condition": [],
            "etag": "BwZCPwRcP64=",
            "id": "v1/projects/uade-476411/locations/southamerica-west1/services/flightsearch-backend/roles/run.invoker",
            "location": "southamerica-west1",
            "members": [
              "allUsers"
            ],
            "project": "uade-476411",
            "role": "roles/run.invoker",
            "service": "v1/projects/uade-476411/locations/southamerica-west1/services/flightsearch-backend"
          },
          "sensitive_attributes": [],
          "identity_schema_version": 0,
          "private": "bnVsbA==",
          "dependencies": [
            "google_cloud_run_service.backend"
          ]
        }
      ]
    },
    {
      "mode": "managed",
      "type": "google_cloud_run_service_iam_binding",
      "name": "frontend_public",
      "provider": "provider[\"registry.terraform.io/hashicorp/google\"]",
      "instances": [
        {
          "schema_version": 0,
          "attributes": {
            "condition": [],
            "etag": "BwZCPjHnEzE=",
            "id": "v1/projects/uade-476411/locations/southamerica-west1/services/flightsearch-frontend/roles/run.invoker",
            "location": "southamerica-west1",
            "members": [
              "allUsers"
            ],
            "project": "uade-476411",
            "role": "roles/run.invoker",
            "service": "v1/projects/uade-476411/locations/southamerica-west1/services/flightsearch-frontend"
          },
          "sensitive_attributes": [],
          "identity_schema_version": 0,
          "private": "bnVsbA==",
          "dependencies": [
            "google_cloud_run_service.frontend"
          ]
        }
      ]
    },
    {
      "mode": "managed",
      "type": "google_compute_network",
      "name": "vpc_network",
      "provider": "provider[\"registry.terraform.io/hashicorp/google\"]",
      "instances": [
        {
          "schema_version": 0,
          "attributes": {
            "auto_create_subnetworks": true,
            "delete_default_routes_on_create": false,
            "description": "",
            "enable_ula_internal_ipv6": false,
            "gateway_ipv4": "",
            "id": "projects/uade-476411/global/networks/terraform-network",
            "internal_ipv6_range": "",
            "mtu": 0,
            "name": "terraform-network",
            "network_firewall_policy_enforcement_order": "AFTER_CLASSIC_FIREWALL",
            "numeric_id": "2232136331204269055",
            "project": "uade-476411",
            "routing_mode": "REGIONAL",
            "self_link": "https://www.googleapis.com/compute/v1/projects/uade-476411/global/networks/terraform-network",
            "timeouts": null
          },
          "sensitive_attributes": [],
          "identity_schema_version": 0,
          "private": "eyJlMmJmYjczMC1lY2FhLTExZTYtOGY4OC0zNDM2M2JjN2M0YzAiOnsiY3JlYXRlIjoxMjAwMDAwMDAwMDAwLCJkZWxldGUiOjEyMDAwMDAwMDAwMDAsInVwZGF0ZSI6MTIwMDAwMDAwMDAwMH19"
        }
      ]
    }
  ],
  "check_results": null
}
