{
  "version": 4,
  "terraform_version": "1.13.4",
  "serial": 32,
  "lineage": "2b58aed0-04e8-745a-70aa-a1b22d3584fd",
  "outputs": {
    "backend_url": {
      "value": "https://flightsearch-backend-dev-3w6ge26cuq-tl.a.run.app",
      "type": "string"
    },
    "frontend_url": {
      "value": "https://flightsearch-frontend-dev-3w6ge26cuq-tl.a.run.app",
      "type": "string"
    }
  },
  "resources": [
    {
      "mode": "managed",
      "type": "docker_image",
      "name": "backend",
      "provider": "provider[\"registry.terraform.io/kreuzwerker/docker\"]",
      "instances": [
        {
          "schema_version": 0,
          "attributes": {
            "build": [
              {
                "build_arg": {
                  "ENV": "dev"
                },
                "dockerfile": "Dockerfile",
                "force_remove": null,
                "label": null,
                "no_cache": null,
                "path": "./../../back",
                "remove": true,
                "tag": [],
                "target": ""
              }
            ],
            "force_remove": null,
            "id": "sha256:e42aad4d9c77793cc74f0d0fdd926f24594cac4e3e409366de0eeeed9d7893a1southamerica-west1-docker.pkg.dev/uade-476411/backend/dev:latest",
            "image_id": "sha256:e42aad4d9c77793cc74f0d0fdd926f24594cac4e3e409366de0eeeed9d7893a1",
            "keep_locally": false,
            "latest": "sha256:e42aad4d9c77793cc74f0d0fdd926f24594cac4e3e409366de0eeeed9d7893a1",
            "name": "southamerica-west1-docker.pkg.dev/uade-476411/backend/dev:latest",
            "output": null,
            "pull_trigger": null,
            "pull_triggers": null,
            "repo_digest": "southamerica-west1-docker.pkg.dev/uade-476411/backend/dev@sha256:e42aad4d9c77793cc74f0d0fdd926f24594cac4e3e409366de0eeeed9d7893a1",
            "triggers": null
          },
          "sensitive_attributes": [],
          "identity_schema_version": 0,
          "private": "bnVsbA==",
          "dependencies": [
            "google_artifact_registry_repository.backend",
            "null_resource.always_run"
          ]
        }
      ]
    },
    {
      "mode": "managed",
      "type": "docker_image",
      "name": "frontend",
      "provider": "provider[\"registry.terraform.io/kreuzwerker/docker\"]",
      "instances": [
        {
          "schema_version": 0,
          "attributes": {
            "build": [
              {
                "build_arg": {
                  "ENV": "dev",
                  "VITE_API_URL": "https://flightsearch-backend-dev-778211537053.southamerica-west1.run.app"
                },
                "dockerfile": "Dockerfile",
                "force_remove": false,
                "label": {},
                "no_cache": false,
                "path": "./../../front",
                "remove": true,
                "tag": [],
                "target": ""
              }
            ],
            "force_remove": null,
            "id": "sha256:7b8dd0c78888959ed1ca9602d10bdb344b4a86643be18a7e2e779b06eeabf6f6southamerica-west1-docker.pkg.dev/uade-476411/frontend/dev:latest",
            "image_id": "sha256:7b8dd0c78888959ed1ca9602d10bdb344b4a86643be18a7e2e779b06eeabf6f6",
            "keep_locally": false,
            "latest": "sha256:7b8dd0c78888959ed1ca9602d10bdb344b4a86643be18a7e2e779b06eeabf6f6",
            "name": "southamerica-west1-docker.pkg.dev/uade-476411/frontend/dev:latest",
            "output": null,
            "pull_trigger": null,
            "pull_triggers": null,
            "repo_digest": "southamerica-west1-docker.pkg.dev/uade-476411/frontend/dev@sha256:7b8dd0c78888959ed1ca9602d10bdb344b4a86643be18a7e2e779b06eeabf6f6",
            "triggers": null
          },
          "sensitive_attributes": [],
          "identity_schema_version": 0,
          "private": "bnVsbA==",
          "dependencies": [
            "google_artifact_registry_repository.frontend"
          ]
        }
      ]
    },
    {
      "mode": "managed",
      "type": "google_artifact_registry_repository",
      "name": "backend",
      "provider": "provider[\"registry.terraform.io/hashicorp/google\"]",
      "instances": [
        {
          "schema_version": 0,
          "attributes": {
            "cleanup_policies": [],
            "cleanup_policy_dry_run": false,
            "create_time": "2025-10-27T13:25:01.122428Z",
            "description": "Backend container images",
            "docker_config": [],
            "effective_labels": {},
            "format": "DOCKER",
            "id": "projects/uade-476411/locations/southamerica-west1/repositories/backend",
            "kms_key_name": "",
            "labels": {},
            "location": "southamerica-west1",
            "maven_config": [],
            "mode": "STANDARD_REPOSITORY",
            "name": "backend",
            "project": "uade-476411",
            "remote_repository_config": [],
            "repository_id": "backend",
            "terraform_labels": {},
            "timeouts": null,
            "update_time": "2025-11-03T02:28:36.884129Z",
            "virtual_repository_config": []
          },
          "sensitive_attributes": [],
          "identity_schema_version": 0,
          "private": "eyJlMmJmYjczMC1lY2FhLTExZTYtOGY4OC0zNDM2M2JjN2M0YzAiOnsiY3JlYXRlIjoxMjAwMDAwMDAwMDAwLCJkZWxldGUiOjEyMDAwMDAwMDAwMDAsInVwZGF0ZSI6MTIwMDAwMDAwMDAwMH0sInNjaGVtYV92ZXJzaW9uIjoiMCJ9"
        }
      ]
    },
    {
      "mode": "managed",
      "type": "google_artifact_registry_repository",
      "name": "frontend",
      "provider": "provider[\"registry.terraform.io/hashicorp/google\"]",
      "instances": [
        {
          "schema_version": 0,
          "attributes": {
            "cleanup_policies": [],
            "cleanup_policy_dry_run": false,
            "create_time": "2025-10-27T13:25:29.389944Z",
            "description": "Frontend container images",
            "docker_config": [],
            "effective_labels": {},
            "format": "DOCKER",
            "id": "projects/uade-476411/locations/southamerica-west1/repositories/frontend",
            "kms_key_name": "",
            "labels": {},
            "location": "southamerica-west1",
            "maven_config": [],
            "mode": "STANDARD_REPOSITORY",
            "name": "frontend",
            "project": "uade-476411",
            "remote_repository_config": [],
            "repository_id": "frontend",
            "terraform_labels": {},
            "timeouts": null,
            "update_time": "2025-11-03T02:24:58.919114Z",
            "virtual_repository_config": []
          },
          "sensitive_attributes": [],
          "identity_schema_version": 0,
          "private": "eyJlMmJmYjczMC1lY2FhLTExZTYtOGY4OC0zNDM2M2JjN2M0YzAiOnsiY3JlYXRlIjoxMjAwMDAwMDAwMDAwLCJkZWxldGUiOjEyMDAwMDAwMDAwMDAsInVwZGF0ZSI6MTIwMDAwMDAwMDAwMH0sInNjaGVtYV92ZXJzaW9uIjoiMCJ9"
        }
      ]
    },
    {
      "mode": "managed",
      "type": "google_cloud_run_service",
      "name": "backend",
      "provider": "provider[\"registry.terraform.io/hashicorp/google\"]",
      "instances": [
        {
          "schema_version": 2,
          "attributes": {
            "autogenerate_revision_name": false,
            "id": "locations/southamerica-west1/namespaces/uade-476411/services/flightsearch-backend-dev",
            "location": "southamerica-west1",
            "metadata": [
              {
                "annotations": {},
                "effective_annotations": {
                  "run.googleapis.com/client-name": "cloud-console",
                  "run.googleapis.com/ingress": "all",
                  "run.googleapis.com/ingress-status": "all",
                  "run.googleapis.com/operation-id": "da527644-8a56-4f5f-96cf-d420d85dd6c8",
                  "run.googleapis.com/urls": "[\"https://flightsearch-backend-dev-778211537053.southamerica-west1.run.app\",\"https://flightsearch-backend-dev-3w6ge26cuq-tl.a.run.app\"]",
                  "serving.knative.dev/creator": "lucasargerichcoder@gmail.com",
                  "serving.knative.dev/lastModifier": "lucasargerichcoder@gmail.com"
                },
                "effective_labels": {
                  "cloud.googleapis.com/location": "southamerica-west1"
                },
                "generation": 3,
                "labels": {},
                "namespace": "uade-476411",
                "resource_version": "AAZC7UD9nKU",
                "self_link": "/apis/serving.knative.dev/v1/namespaces/778211537053/services/flightsearch-backend-dev",
                "terraform_labels": {},
                "uid": "ac9dcd75-7616-4851-a852-fbd923330126"
              }
            ],
            "name": "flightsearch-backend-dev",
            "project": "uade-476411",
            "status": [
              {
                "conditions": [
                  {
                    "message": "",
                    "reason": "",
                    "status": "True",
                    "type": "Ready"
                  },
                  {
                    "message": "",
                    "reason": "",
                    "status": "True",
                    "type": "ConfigurationsReady"
                  },
                  {
                    "message": "",
                    "reason": "",
                    "status": "True",
                    "type": "RoutesReady"
                  }
                ],
                "latest_created_revision_name": "flightsearch-backend-dev-00003-pmp",
                "latest_ready_revision_name": "flightsearch-backend-dev-00003-pmp",
                "observed_generation": 3,
                "traffic": [
                  {
                    "latest_revision": true,
                    "percent": 100,
                    "revision_name": "flightsearch-backend-dev-00003-pmp",
                    "tag": "",
                    "url": ""
                  }
                ],
                "url": "https://flightsearch-backend-dev-3w6ge26cuq-tl.a.run.app"
              }
            ],
            "template": [
              {
                "metadata": [
                  {
                    "annotations": {
                      "autoscaling.knative.dev/maxScale": "20",
                      "run.googleapis.com/client-name": "cloud-console"
                    },
                    "generation": 0,
                    "labels": {
                      "client.knative.dev/nonce": "7666f23a-45cf-4f2c-9d67-0f57da58c636",
                      "run.googleapis.com/startupProbeType": "Default"
                    },
                    "name": "",
                    "namespace": "",
                    "resource_version": "",
                    "self_link": "",
                    "uid": ""
                  }
                ],
                "spec": [
                  {
                    "container_concurrency": 80,
                    "containers": [
                      {
                        "args": [],
                        "command": [],
                        "env": [
                          {
                            "name": "AUTH_SERVICE_URL",
                            "value": "https://grupo5-usuarios.vercel.app/api",
                            "value_from": []
                          },
                          {
                            "name": "CORE_URL",
                            "value": "http://34.172.179.60",
                            "value_from": []
                          },
                          {
                            "name": "DATABASE_URL",
                            "value": "postgresql://postgres.rvlouhwoiwjvzdfcwcif:GyfXnsSodtxGQeh9@aws-1-sa-east-1.pooler.supabase.com:6543/postgres?pgbouncer=true",
                            "value_from": []
                          },
                          {
                            "name": "DIRECT_URL",
                            "value": "postgresql://postgres.rvlouhwoiwjvzdfcwcif:GyfXnsSodtxGQeh9@aws-1-sa-east-1.pooler.supabase.com:5432/postgres",
                            "value_from": []
                          },
                          {
                            "name": "JWT_SECRET",
                            "value": "cwkUUpy/hr83SNQxCKxdHiaNM+YQBRaSA3N/iSjUcZaYWuOWI21Cax7qmDHINK8B",
                            "value_from": []
                          },
                          {
                            "name": "KAFKA_BROKER",
                            "value": "34.172.179.60:9094",
                            "value_from": []
                          },
                          {
                            "name": "NODE_ENV",
                            "value": "development",
                            "value_from": []
                          }
                        ],
                        "env_from": [],
                        "image": "southamerica-west1-docker.pkg.dev/uade-476411/backend/dev:latest",
                        "liveness_probe": [],
                        "name": "dev-1",
                        "ports": [
                          {
                            "container_port": 8080,
                            "name": "http1",
                            "protocol": ""
                          }
                        ],
                        "resources": [
                          {
                            "limits": {
                              "cpu": "1000m",
                              "memory": "512Mi"
                            },
                            "requests": {}
                          }
                        ],
                        "startup_probe": [
                          {
                            "failure_threshold": 1,
                            "grpc": [],
                            "http_get": [],
                            "initial_delay_seconds": 0,
                            "period_seconds": 240,
                            "tcp_socket": [
                              {
                                "port": 8080
                              }
                            ],
                            "timeout_seconds": 240
                          }
                        ],
                        "volume_mounts": [],
                        "working_dir": ""
                      }
                    ],
                    "service_account_name": "778211537053-compute@developer.gserviceaccount.com",
                    "serving_state": "",
                    "timeout_seconds": 300,
                    "volumes": []
                  }
                ]
              }
            ],
            "timeouts": null,
            "traffic": [
              {
                "latest_revision": true,
                "percent": 100,
                "revision_name": "",
                "tag": "",
                "url": ""
              }
            ]
          },
          "sensitive_attributes": [],
          "identity_schema_version": 0,
          "private": "eyJlMmJmYjczMC1lY2FhLTExZTYtOGY4OC0zNDM2M2JjN2M0YzAiOnsiY3JlYXRlIjoxMjAwMDAwMDAwMDAwLCJkZWxldGUiOjEyMDAwMDAwMDAwMDAsInVwZGF0ZSI6MTIwMDAwMDAwMDAwMH0sInNjaGVtYV92ZXJzaW9uIjoiMiJ9",
          "dependencies": [
            "docker_image.backend",
            "google_artifact_registry_repository.backend",
            "null_resource.always_run",
            "null_resource.push_backend_image"
          ]
        }
      ]
    },
    {
      "mode": "managed",
      "type": "google_cloud_run_service",
      "name": "frontend",
      "provider": "provider[\"registry.terraform.io/hashicorp/google\"]",
      "instances": [
        {
          "schema_version": 2,
          "attributes": {
            "autogenerate_revision_name": false,
            "id": "locations/southamerica-west1/namespaces/uade-476411/services/flightsearch-frontend-dev",
            "location": "southamerica-west1",
            "metadata": [
              {
                "annotations": {},
                "effective_annotations": {
                  "run.googleapis.com/ingress": "all",
                  "run.googleapis.com/ingress-status": "all",
                  "run.googleapis.com/operation-id": "38a7da0a-8174-49d1-be6c-9471a9c3b381",
                  "run.googleapis.com/urls": "[\"https://flightsearch-frontend-dev-778211537053.southamerica-west1.run.app\",\"https://flightsearch-frontend-dev-3w6ge26cuq-tl.a.run.app\"]",
                  "serving.knative.dev/creator": "lucasargerichcoder@gmail.com",
                  "serving.knative.dev/lastModifier": "lucasargerichcoder@gmail.com"
                },
                "effective_labels": {
                  "cloud.googleapis.com/location": "southamerica-west1"
                },
                "generation": 1,
                "labels": {},
                "namespace": "uade-476411",
                "resource_version": "AAZCp0Bn2RU",
                "self_link": "/apis/serving.knative.dev/v1/namespaces/778211537053/services/flightsearch-frontend-dev",
                "terraform_labels": {},
                "uid": "274953c9-eb82-4108-a1eb-c75ffc7ab926"
              }
            ],
            "name": "flightsearch-frontend-dev",
            "project": "uade-476411",
            "status": [
              {
                "conditions": [
                  {
                    "message": "",
                    "reason": "",
                    "status": "True",
                    "type": "Ready"
                  },
                  {
                    "message": "",
                    "reason": "",
                    "status": "True",
                    "type": "ConfigurationsReady"
                  },
                  {
                    "message": "",
                    "reason": "",
                    "status": "True",
                    "type": "RoutesReady"
                  }
                ],
                "latest_created_revision_name": "flightsearch-frontend-dev-00001-tl7",
                "latest_ready_revision_name": "flightsearch-frontend-dev-00001-tl7",
                "observed_generation": 1,
                "traffic": [
                  {
                    "latest_revision": true,
                    "percent": 100,
                    "revision_name": "flightsearch-frontend-dev-00001-tl7",
                    "tag": "",
                    "url": ""
                  }
                ],
                "url": "https://flightsearch-frontend-dev-3w6ge26cuq-tl.a.run.app"
              }
            ],
            "template": [
              {
                "metadata": [
                  {
                    "annotations": {
                      "autoscaling.knative.dev/maxScale": "20"
                    },
                    "generation": 0,
                    "labels": {
                      "run.googleapis.com/startupProbeType": "Default"
                    },
                    "name": "",
                    "namespace": "",
                    "resource_version": "",
                    "self_link": "",
                    "uid": ""
                  }
                ],
                "spec": [
                  {
                    "container_concurrency": 80,
                    "containers": [
                      {
                        "args": [],
                        "command": [],
                        "env": [],
                        "env_from": [],
                        "image": "southamerica-west1-docker.pkg.dev/uade-476411/frontend/dev:latest",
                        "liveness_probe": [],
                        "name": "",
                        "ports": [
                          {
                            "container_port": 80,
                            "name": "http1",
                            "protocol": ""
                          }
                        ],
                        "resources": [
                          {
                            "limits": {
                              "cpu": "1000m",
                              "memory": "512Mi"
                            },
                            "requests": {}
                          }
                        ],
                        "startup_probe": [
                          {
                            "failure_threshold": 1,
                            "grpc": [],
                            "http_get": [],
                            "initial_delay_seconds": 0,
                            "period_seconds": 240,
                            "tcp_socket": [
                              {
                                "port": 80
                              }
                            ],
                            "timeout_seconds": 240
                          }
                        ],
                        "volume_mounts": [],
                        "working_dir": ""
                      }
                    ],
                    "service_account_name": "778211537053-compute@developer.gserviceaccount.com",
                    "serving_state": "",
                    "timeout_seconds": 300,
                    "volumes": []
                  }
                ]
              }
            ],
            "timeouts": null,
            "traffic": [
              {
                "latest_revision": true,
                "percent": 100,
                "revision_name": "",
                "tag": "",
                "url": ""
              }
            ]
          },
          "sensitive_attributes": [],
          "identity_schema_version": 0,
          "private": "eyJlMmJmYjczMC1lY2FhLTExZTYtOGY4OC0zNDM2M2JjN2M0YzAiOnsiY3JlYXRlIjoxMjAwMDAwMDAwMDAwLCJkZWxldGUiOjEyMDAwMDAwMDAwMDAsInVwZGF0ZSI6MTIwMDAwMDAwMDAwMH0sInNjaGVtYV92ZXJzaW9uIjoiMiJ9",
          "dependencies": [
            "docker_image.frontend",
            "google_artifact_registry_repository.frontend",
            "null_resource.push_frontend_image"
          ]
        }
      ]
    },
    {
      "mode": "managed",
      "type": "google_cloud_run_service_iam_binding",
      "name": "backend_public",
      "provider": "provider[\"registry.terraform.io/hashicorp/google\"]",
      "instances": [
        {
          "schema_version": 0,
          "attributes": {
            "condition": [],
            "etag": "BwZCp0Eb8oc=",
            "id": "v1/projects/uade-476411/locations/southamerica-west1/services/flightsearch-backend-dev/roles/run.invoker",
            "location": "southamerica-west1",
            "members": [
              "allUsers"
            ],
            "project": "uade-476411",
            "role": "roles/run.invoker",
            "service": "v1/projects/uade-476411/locations/southamerica-west1/services/flightsearch-backend-dev"
          },
          "sensitive_attributes": [],
          "identity_schema_version": 0,
          "private": "bnVsbA==",
          "dependencies": [
            "docker_image.backend",
            "google_artifact_registry_repository.backend",
            "google_cloud_run_service.backend",
            "null_resource.push_backend_image"
          ]
        }
      ]
    },
    {
      "mode": "managed",
      "type": "google_cloud_run_service_iam_binding",
      "name": "frontend_public",
      "provider": "provider[\"registry.terraform.io/hashicorp/google\"]",
      "instances": [
        {
          "schema_version": 0,
          "attributes": {
            "condition": [],
            "etag": "BwZCp0CpmCM=",
            "id": "v1/projects/uade-476411/locations/southamerica-west1/services/flightsearch-frontend-dev/roles/run.invoker",
            "location": "southamerica-west1",
            "members": [
              "allUsers"
            ],
            "project": "uade-476411",
            "role": "roles/run.invoker",
            "service": "v1/projects/uade-476411/locations/southamerica-west1/services/flightsearch-frontend-dev"
          },
          "sensitive_attributes": [],
          "identity_schema_version": 0,
          "private": "bnVsbA==",
          "dependencies": [
            "docker_image.frontend",
            "google_artifact_registry_repository.frontend",
            "google_cloud_run_service.frontend",
            "null_resource.push_frontend_image"
          ]
        }
      ]
    },
    {
      "mode": "managed",
      "type": "google_compute_network",
      "name": "vpc_network",
      "provider": "provider[\"registry.terraform.io/hashicorp/google\"]",
      "instances": [
        {
          "schema_version": 0,
          "attributes": {
            "auto_create_subnetworks": true,
            "delete_default_routes_on_create": false,
            "description": "",
            "enable_ula_internal_ipv6": false,
            "gateway_ipv4": "",
            "id": "projects/uade-476411/global/networks/terraform-network",
            "internal_ipv6_range": "",
            "mtu": 0,
            "name": "terraform-network",
            "network_firewall_policy_enforcement_order": "AFTER_CLASSIC_FIREWALL",
            "numeric_id": "2232136331204269055",
            "project": "uade-476411",
            "routing_mode": "REGIONAL",
            "self_link": "https://www.googleapis.com/compute/v1/projects/uade-476411/global/networks/terraform-network",
            "timeouts": null
          },
          "sensitive_attributes": [],
          "identity_schema_version": 0,
          "private": "eyJlMmJmYjczMC1lY2FhLTExZTYtOGY4OC0zNDM2M2JjN2M0YzAiOnsiY3JlYXRlIjoxMjAwMDAwMDAwMDAwLCJkZWxldGUiOjEyMDAwMDAwMDAwMDAsInVwZGF0ZSI6MTIwMDAwMDAwMDAwMH0sInNjaGVtYV92ZXJzaW9uIjoiMCJ9"
        }
      ]
    },
    {
      "mode": "managed",
      "type": "null_resource",
      "name": "always_run",
      "provider": "provider[\"registry.terraform.io/hashicorp/null\"]",
      "instances": [
        {
          "schema_version": 0,
          "attributes": {
            "id": "5461911188138163994",
            "triggers": {
              "timestamp": "2025-11-11T21:55:52Z"
            }
          },
          "sensitive_attributes": [],
          "identity_schema_version": 0
        }
      ]
    },
    {
      "mode": "managed",
      "type": "null_resource",
      "name": "push_backend_image",
      "provider": "provider[\"registry.terraform.io/hashicorp/null\"]",
      "instances": [
        {
          "schema_version": 0,
          "attributes": {
            "id": "1776103780877926083",
            "triggers": null
          },
          "sensitive_attributes": [],
          "identity_schema_version": 0,
          "dependencies": [
            "docker_image.backend",
            "google_artifact_registry_repository.backend",
            "null_resource.always_run"
          ]
        }
      ]
    },
    {
      "mode": "managed",
      "type": "null_resource",
      "name": "push_frontend_image",
      "provider": "provider[\"registry.terraform.io/hashicorp/null\"]",
      "instances": [
        {
          "schema_version": 0,
          "attributes": {
            "id": "30030325569956384",
            "triggers": null
          },
          "sensitive_attributes": [],
          "identity_schema_version": 0,
          "dependencies": [
            "docker_image.frontend",
            "google_artifact_registry_repository.frontend"
          ]
        }
      ]
    }
  ],
  "check_results": null
}
