{
  "version": 4,
  "terraform_version": "1.13.4",
  "serial": 45,
  "lineage": "2b58aed0-04e8-745a-70aa-a1b22d3584fd",
  "outputs": {
    "backend_url": {
      "value": "https://flightsearch-backend-dev-3w6ge26cuq-tl.a.run.app",
      "type": "string"
    },
    "frontend_url": {
      "value": "https://flightsearch-frontend-dev-3w6ge26cuq-tl.a.run.app",
      "type": "string"
    }
  },
  "resources": [
    {
      "mode": "managed",
      "type": "docker_image",
      "name": "backend",
      "provider": "provider[\"registry.terraform.io/kreuzwerker/docker\"]",
      "instances": [
        {
          "schema_version": 0,
          "attributes": {
            "build": [
              {
                "build_arg": {
                  "ENV": "dev"
                },
                "dockerfile": "Dockerfile",
                "force_remove": false,
                "label": {},
                "no_cache": false,
                "path": "./../../back",
                "remove": true,
                "tag": [],
                "target": ""
              }
            ],
            "force_remove": null,
            "id": "sha256:e42aad4d9c77793cc74f0d0fdd926f24594cac4e3e409366de0eeeed9d7893a1southamerica-west1-docker.pkg.dev/uade-476411/backend/dev:latest",
            "image_id": "sha256:e42aad4d9c77793cc74f0d0fdd926f24594cac4e3e409366de0eeeed9d7893a1",
            "keep_locally": false,
            "latest": "sha256:e42aad4d9c77793cc74f0d0fdd926f24594cac4e3e409366de0eeeed9d7893a1",
            "name": "southamerica-west1-docker.pkg.dev/uade-476411/backend/dev:latest",
            "output": null,
            "pull_trigger": null,
            "pull_triggers": null,
            "repo_digest": "southamerica-west1-docker.pkg.dev/uade-476411/backend/dev@sha256:e42aad4d9c77793cc74f0d0fdd926f24594cac4e3e409366de0eeeed9d7893a1",
            "triggers": null
          },
          "sensitive_attributes": [],
          "identity_schema_version": 0,
          "private": "bnVsbA==",
          "dependencies": [
            "google_artifact_registry_repository.backend"
          ]
        }
      ]
    },
    {
      "mode": "managed",
      "type": "docker_image",
      "name": "frontend",
      "provider": "provider[\"registry.terraform.io/kreuzwerker/docker\"]",
      "instances": [
        {
          "schema_version": 0,
          "attributes": {
            "build": [
              {
                "build_arg": {
                  "ENV": "dev",
                  "VITE_API_URL": "https://flightsearch-backend-dev-778211537053.southamerica-west1.run.app"
                },
                "dockerfile": "Dockerfile",
                "force_remove": false,
                "label": {},
                "no_cache": false,
                "path": "./../../front",
                "remove": true,
                "tag": [],
                "target": ""
              }
            ],
            "force_remove": null,
            "id": "sha256:deb788b451d0b4547b5aea2e9b29a0212a13261078fdd64fe8e79fc3a1ca2bc4southamerica-west1-docker.pkg.dev/uade-476411/frontend/dev:latest",
            "image_id": "sha256:deb788b451d0b4547b5aea2e9b29a0212a13261078fdd64fe8e79fc3a1ca2bc4",
            "keep_locally": null,
            "latest": "sha256:deb788b451d0b4547b5aea2e9b29a0212a13261078fdd64fe8e79fc3a1ca2bc4",
            "name": "southamerica-west1-docker.pkg.dev/uade-476411/frontend/dev:latest",
            "output": null,
            "pull_trigger": null,
            "pull_triggers": null,
            "repo_digest": "southamerica-west1-docker.pkg.dev/uade-476411/frontend/dev@sha256:deb788b451d0b4547b5aea2e9b29a0212a13261078fdd64fe8e79fc3a1ca2bc4",
            "triggers": null
          },
          "sensitive_attributes": [],
          "identity_schema_version": 0,
          "private": "bnVsbA==",
          "dependencies": [
            "google_artifact_registry_repository.frontend"
          ]
        }
      ]
    },
    {
      "mode": "managed",
      "type": "google_artifact_registry_repository",
      "name": "backend",
      "provider": "provider[\"registry.terraform.io/hashicorp/google\"]",
      "instances": [
        {
          "schema_version": 0,
          "attributes": {
            "cleanup_policies": [],
            "cleanup_policy_dry_run": false,
            "create_time": "2025-10-27T13:25:01.122428Z",
            "description": "Backend container images",
            "docker_config": [],
            "effective_labels": {},
            "format": "DOCKER",
            "id": "projects/uade-476411/locations/southamerica-west1/repositories/backend",
            "kms_key_name": "",
            "labels": {},
            "location": "southamerica-west1",
            "maven_config": [],
            "mode": "STANDARD_REPOSITORY",
            "name": "backend",
            "project": "uade-476411",
            "remote_repository_config": [],
            "repository_id": "backend",
            "terraform_labels": {},
            "timeouts": null,
            "update_time": "2025-11-12T16:24:01.327393Z",
            "virtual_repository_config": []
          },
          "sensitive_attributes": [],
          "identity_schema_version": 0,
          "private": "eyJlMmJmYjczMC1lY2FhLTExZTYtOGY4OC0zNDM2M2JjN2M0YzAiOnsiY3JlYXRlIjoxMjAwMDAwMDAwMDAwLCJkZWxldGUiOjEyMDAwMDAwMDAwMDAsInVwZGF0ZSI6MTIwMDAwMDAwMDAwMH0sInNjaGVtYV92ZXJzaW9uIjoiMCJ9"
        }
      ]
    },
    {
      "mode": "managed",
      "type": "google_artifact_registry_repository",
      "name": "frontend",
      "provider": "provider[\"registry.terraform.io/hashicorp/google\"]",
      "instances": [
        {
          "schema_version": 0,
          "attributes": {
            "cleanup_policies": [],
            "cleanup_policy_dry_run": false,
            "create_time": "2025-10-27T13:25:29.389944Z",
            "description": "Frontend container images",
            "docker_config": [],
            "effective_labels": {},
            "format": "DOCKER",
            "id": "projects/uade-476411/locations/southamerica-west1/repositories/frontend",
            "kms_key_name": "",
            "labels": {},
            "location": "southamerica-west1",
            "maven_config": [],
            "mode": "STANDARD_REPOSITORY",
            "name": "frontend",
            "project": "uade-476411",
            "remote_repository_config": [],
            "repository_id": "frontend",
            "terraform_labels": {},
            "timeouts": null,
            "update_time": "2025-11-12T16:18:25.341699Z",
            "virtual_repository_config": []
          },
          "sensitive_attributes": [],
          "identity_schema_version": 0,
          "private": "eyJlMmJmYjczMC1lY2FhLTExZTYtOGY4OC0zNDM2M2JjN2M0YzAiOnsiY3JlYXRlIjoxMjAwMDAwMDAwMDAwLCJkZWxldGUiOjEyMDAwMDAwMDAwMDAsInVwZGF0ZSI6MTIwMDAwMDAwMDAwMH0sInNjaGVtYV92ZXJzaW9uIjoiMCJ9"
        }
      ]
    },
    {
      "mode": "managed",
      "type": "google_cloud_run_service_iam_binding",
      "name": "backend_public",
      "provider": "provider[\"registry.terraform.io/hashicorp/google\"]",
      "instances": [
        {
          "schema_version": 0,
          "attributes": {
            "condition": [],
            "etag": "BwZDaDKS3Pc=",
            "id": "v1/projects/uade-476411/locations/southamerica-west1/services/flightsearch-backend-dev/roles/run.invoker",
            "location": "southamerica-west1",
            "members": [
              "allUsers"
            ],
            "project": "uade-476411",
            "role": "roles/run.invoker",
            "service": "v1/projects/uade-476411/locations/southamerica-west1/services/flightsearch-backend-dev"
          },
          "sensitive_attributes": [],
          "identity_schema_version": 0,
          "private": "bnVsbA==",
          "dependencies": [
            "docker_image.backend",
            "google_artifact_registry_repository.backend",
            "google_cloud_run_v2_service.backend",
            "null_resource.push_backend_image"
          ]
        }
      ]
    },
    {
      "mode": "managed",
      "type": "google_cloud_run_service_iam_binding",
      "name": "frontend_public",
      "provider": "provider[\"registry.terraform.io/hashicorp/google\"]",
      "instances": [
        {
          "schema_version": 0,
          "attributes": {
            "condition": [],
            "etag": "BwZDaDp1PFw=",
            "id": "v1/projects/uade-476411/locations/southamerica-west1/services/flightsearch-frontend-dev/roles/run.invoker",
            "location": "southamerica-west1",
            "members": [
              "allUsers"
            ],
            "project": "uade-476411",
            "role": "roles/run.invoker",
            "service": "v1/projects/uade-476411/locations/southamerica-west1/services/flightsearch-frontend-dev"
          },
          "sensitive_attributes": [],
          "identity_schema_version": 0,
          "private": "bnVsbA==",
          "dependencies": [
            "docker_image.frontend",
            "google_artifact_registry_repository.frontend",
            "google_cloud_run_v2_service.frontend",
            "null_resource.push_frontend_image"
          ]
        }
      ]
    },
    {
      "mode": "managed",
      "type": "google_cloud_run_v2_service",
      "name": "backend",
      "provider": "provider[\"registry.terraform.io/hashicorp/google\"]",
      "instances": [
        {
          "schema_version": 0,
          "attributes": {
            "annotations": {},
            "binary_authorization": [],
            "client": "",
            "client_version": "",
            "conditions": [
              {
                "execution_reason": "",
                "last_transition_time": "2025-11-12T16:24:16.634112Z",
                "message": "",
                "reason": "",
                "revision_reason": "",
                "severity": "",
                "state": "CONDITION_SUCCEEDED",
                "type": "RoutesReady"
              },
              {
                "execution_reason": "",
                "last_transition_time": "2025-11-12T16:24:11.499542Z",
                "message": "",
                "reason": "",
                "revision_reason": "",
                "severity": "",
                "state": "CONDITION_SUCCEEDED",
                "type": "ConfigurationsReady"
              }
            ],
            "create_time": "2025-11-12T16:24:02.492307Z",
            "creator": "lucasargerichcoder@gmail.com",
            "custom_audiences": [],
            "delete_time": "",
            "deletion_protection": true,
            "description": "",
            "effective_annotations": {},
            "effective_labels": {
              "goog-terraform-provisioned": "true"
            },
            "etag": "\"CKLp0sgGELiE4OoB/cHJvamVjdHMvdWFkZS00NzY0MTEvbG9jYXRpb25zL3NvdXRoYW1lcmljYS13ZXN0MS9zZXJ2aWNlcy9mbGlnaHRzZWFyY2gtYmFja2VuZC1kZXY\"",
            "expire_time": "",
            "generation": "1",
            "id": "projects/uade-476411/locations/southamerica-west1/services/flightsearch-backend-dev",
            "ingress": "INGRESS_TRAFFIC_ALL",
            "invoker_iam_disabled": false,
            "labels": {},
            "last_modifier": "lucasargerichcoder@gmail.com",
            "latest_created_revision": "projects/uade-476411/locations/southamerica-west1/services/flightsearch-backend-dev/revisions/flightsearch-backend-dev-00001-zzn",
            "latest_ready_revision": "projects/uade-476411/locations/southamerica-west1/services/flightsearch-backend-dev/revisions/flightsearch-backend-dev-00001-zzn",
            "launch_stage": "GA",
            "location": "southamerica-west1",
            "name": "flightsearch-backend-dev",
            "observed_generation": "1",
            "project": "uade-476411",
            "reconciling": false,
            "scaling": [],
            "template": [
              {
                "annotations": {},
                "containers": [
                  {
                    "args": [],
                    "command": [],
                    "depends_on": [],
                    "env": [],
                    "image": "southamerica-west1-docker.pkg.dev/uade-476411/backend/dev:latest",
                    "liveness_probe": [],
                    "name": "",
                    "ports": [
                      {
                        "container_port": 8080,
                        "name": "http1"
                      }
                    ],
                    "resources": [
                      {
                        "cpu_idle": true,
                        "limits": {
                          "cpu": "1000m",
                          "memory": "512Mi"
                        },
                        "startup_cpu_boost": false
                      }
                    ],
                    "startup_probe": [
                      {
                        "failure_threshold": 1,
                        "grpc": [],
                        "http_get": [],
                        "initial_delay_seconds": 0,
                        "period_seconds": 240,
                        "tcp_socket": [
                          {
                            "port": 8080
                          }
                        ],
                        "timeout_seconds": 240
                      }
                    ],
                    "volume_mounts": [],
                    "working_dir": ""
                  }
                ],
                "encryption_key": "",
                "execution_environment": "",
                "labels": {},
                "max_instance_request_concurrency": 80,
                "revision": "",
                "scaling": [
                  {
                    "max_instance_count": 20,
                    "min_instance_count": 0
                  }
                ],
                "service_account": "778211537053-compute@developer.gserviceaccount.com",
                "session_affinity": false,
                "timeout": "300s",
                "volumes": [],
                "vpc_access": []
              }
            ],
            "terminal_condition": [
              {
                "execution_reason": "",
                "last_transition_time": "2025-11-12T16:24:16.680595Z",
                "message": "",
                "reason": "",
                "revision_reason": "",
                "severity": "",
                "state": "CONDITION_SUCCEEDED",
                "type": "Ready"
              }
            ],
            "terraform_labels": {
              "goog-terraform-provisioned": "true"
            },
            "timeouts": null,
            "traffic": [
              {
                "percent": 100,
                "revision": "",
                "tag": "",
                "type": "TRAFFIC_TARGET_ALLOCATION_TYPE_LATEST"
              }
            ],
            "traffic_statuses": [
              {
                "percent": 100,
                "revision": "",
                "tag": "",
                "type": "TRAFFIC_TARGET_ALLOCATION_TYPE_LATEST",
                "uri": ""
              }
            ],
            "uid": "2837fbfb-eced-4ab5-88b4-36c8b1930f33",
            "update_time": "2025-11-12T16:24:02.492307Z",
            "uri": "https://flightsearch-backend-dev-3w6ge26cuq-tl.a.run.app"
          },
          "sensitive_attributes": [],
          "identity_schema_version": 0,
          "private": "eyJlMmJmYjczMC1lY2FhLTExZTYtOGY4OC0zNDM2M2JjN2M0YzAiOnsiY3JlYXRlIjoxMjAwMDAwMDAwMDAwLCJkZWxldGUiOjEyMDAwMDAwMDAwMDAsInVwZGF0ZSI6MTIwMDAwMDAwMDAwMH19",
          "dependencies": [
            "docker_image.backend",
            "google_artifact_registry_repository.backend",
            "null_resource.push_backend_image"
          ]
        }
      ]
    },
    {
      "mode": "managed",
      "type": "google_cloud_run_v2_service",
      "name": "frontend",
      "provider": "provider[\"registry.terraform.io/hashicorp/google\"]",
      "instances": [
        {
          "schema_version": 0,
          "attributes": {
            "annotations": null,
            "binary_authorization": [],
            "client": "",
            "client_version": "",
            "conditions": [
              {
                "execution_reason": "",
                "last_transition_time": "2025-11-12T16:26:30.840697Z",
                "message": "",
                "reason": "",
                "revision_reason": "",
                "severity": "",
                "state": "CONDITION_SUCCEEDED",
                "type": "RoutesReady"
              },
              {
                "execution_reason": "",
                "last_transition_time": "2025-11-12T16:26:28.463957Z",
                "message": "",
                "reason": "",
                "revision_reason": "",
                "severity": "",
                "state": "CONDITION_SUCCEEDED",
                "type": "ConfigurationsReady"
              }
            ],
            "create_time": "2025-11-12T16:26:24.469297Z",
            "creator": "lucasargerichcoder@gmail.com",
            "custom_audiences": null,
            "delete_time": "",
            "deletion_protection": true,
            "description": "",
            "effective_annotations": {},
            "effective_labels": {
              "goog-terraform-provisioned": "true"
            },
            "etag": "\"CLDq0sgGEOjO498B/cHJvamVjdHMvdWFkZS00NzY0MTEvbG9jYXRpb25zL3NvdXRoYW1lcmljYS13ZXN0MS9zZXJ2aWNlcy9mbGlnaHRzZWFyY2gtZnJvbnRlbmQtZGV2\"",
            "expire_time": "",
            "generation": "1",
            "id": "projects/uade-476411/locations/southamerica-west1/services/flightsearch-frontend-dev",
            "ingress": "INGRESS_TRAFFIC_ALL",
            "invoker_iam_disabled": false,
            "labels": null,
            "last_modifier": "lucasargerichcoder@gmail.com",
            "latest_created_revision": "projects/uade-476411/locations/southamerica-west1/services/flightsearch-frontend-dev/revisions/flightsearch-frontend-dev-00001-ls5",
            "latest_ready_revision": "projects/uade-476411/locations/southamerica-west1/services/flightsearch-frontend-dev/revisions/flightsearch-frontend-dev-00001-ls5",
            "launch_stage": "GA",
            "location": "southamerica-west1",
            "name": "flightsearch-frontend-dev",
            "observed_generation": "1",
            "project": "uade-476411",
            "reconciling": false,
            "scaling": [],
            "template": [
              {
                "annotations": null,
                "containers": [
                  {
                    "args": null,
                    "command": null,
                    "depends_on": null,
                    "env": [],
                    "image": "southamerica-west1-docker.pkg.dev/uade-476411/frontend/dev:latest",
                    "liveness_probe": [],
                    "name": "",
                    "ports": [
                      {
                        "container_port": 80,
                        "name": "http1"
                      }
                    ],
                    "resources": [
                      {
                        "cpu_idle": true,
                        "limits": {
                          "cpu": "1000m",
                          "memory": "512Mi"
                        },
                        "startup_cpu_boost": false
                      }
                    ],
                    "startup_probe": [
                      {
                        "failure_threshold": 1,
                        "grpc": [],
                        "http_get": [],
                        "initial_delay_seconds": 0,
                        "period_seconds": 240,
                        "tcp_socket": [
                          {
                            "port": 80
                          }
                        ],
                        "timeout_seconds": 240
                      }
                    ],
                    "volume_mounts": [],
                    "working_dir": ""
                  }
                ],
                "encryption_key": "",
                "execution_environment": "",
                "labels": null,
                "max_instance_request_concurrency": 80,
                "revision": "",
                "scaling": [
                  {
                    "max_instance_count": 20,
                    "min_instance_count": 0
                  }
                ],
                "service_account": "778211537053-compute@developer.gserviceaccount.com",
                "session_affinity": false,
                "timeout": "300s",
                "volumes": [],
                "vpc_access": []
              }
            ],
            "terminal_condition": [
              {
                "execution_reason": "",
                "last_transition_time": "2025-11-12T16:26:30.885941Z",
                "message": "",
                "reason": "",
                "revision_reason": "",
                "severity": "",
                "state": "CONDITION_SUCCEEDED",
                "type": "Ready"
              }
            ],
            "terraform_labels": {
              "goog-terraform-provisioned": "true"
            },
            "timeouts": null,
            "traffic": [
              {
                "percent": 100,
                "revision": "",
                "tag": "",
                "type": "TRAFFIC_TARGET_ALLOCATION_TYPE_LATEST"
              }
            ],
            "traffic_statuses": [
              {
                "percent": 100,
                "revision": "",
                "tag": "",
                "type": "TRAFFIC_TARGET_ALLOCATION_TYPE_LATEST",
                "uri": ""
              }
            ],
            "uid": "12c227c4-cbc9-484c-9b7b-c4f4c059ee4a",
            "update_time": "2025-11-12T16:26:24.469297Z",
            "uri": "https://flightsearch-frontend-dev-3w6ge26cuq-tl.a.run.app"
          },
          "sensitive_attributes": [],
          "identity_schema_version": 0,
          "private": "eyJlMmJmYjczMC1lY2FhLTExZTYtOGY4OC0zNDM2M2JjN2M0YzAiOnsiY3JlYXRlIjoxMjAwMDAwMDAwMDAwLCJkZWxldGUiOjEyMDAwMDAwMDAwMDAsInVwZGF0ZSI6MTIwMDAwMDAwMDAwMH19",
          "dependencies": [
            "docker_image.frontend",
            "google_artifact_registry_repository.frontend",
            "null_resource.push_frontend_image"
          ]
        }
      ]
    },
    {
      "mode": "managed",
      "type": "google_compute_network",
      "name": "vpc_network",
      "provider": "provider[\"registry.terraform.io/hashicorp/google\"]",
      "instances": [
        {
          "schema_version": 0,
          "attributes": {
            "auto_create_subnetworks": true,
            "delete_default_routes_on_create": false,
            "description": "",
            "enable_ula_internal_ipv6": false,
            "gateway_ipv4": "",
            "id": "projects/uade-476411/global/networks/terraform-network",
            "internal_ipv6_range": "",
            "mtu": 0,
            "name": "terraform-network",
            "network_firewall_policy_enforcement_order": "AFTER_CLASSIC_FIREWALL",
            "numeric_id": "2232136331204269055",
            "project": "uade-476411",
            "routing_mode": "REGIONAL",
            "self_link": "https://www.googleapis.com/compute/v1/projects/uade-476411/global/networks/terraform-network",
            "timeouts": null
          },
          "sensitive_attributes": [],
          "identity_schema_version": 0,
          "private": "eyJlMmJmYjczMC1lY2FhLTExZTYtOGY4OC0zNDM2M2JjN2M0YzAiOnsiY3JlYXRlIjoxMjAwMDAwMDAwMDAwLCJkZWxldGUiOjEyMDAwMDAwMDAwMDAsInVwZGF0ZSI6MTIwMDAwMDAwMDAwMH0sInNjaGVtYV92ZXJzaW9uIjoiMCJ9"
        }
      ]
    },
    {
      "mode": "managed",
      "type": "null_resource",
      "name": "push_backend_image",
      "provider": "provider[\"registry.terraform.io/hashicorp/null\"]",
      "instances": [
        {
          "schema_version": 0,
          "attributes": {
            "id": "3264476217982666073",
            "triggers": {
              "repo_digest": "southamerica-west1-docker.pkg.dev/uade-476411/backend/dev@sha256:e42aad4d9c77793cc74f0d0fdd926f24594cac4e3e409366de0eeeed9d7893a1"
            }
          },
          "sensitive_attributes": [],
          "identity_schema_version": 0,
          "dependencies": [
            "docker_image.backend",
            "google_artifact_registry_repository.backend"
          ]
        }
      ]
    },
    {
      "mode": "managed",
      "type": "null_resource",
      "name": "push_frontend_image",
      "provider": "provider[\"registry.terraform.io/hashicorp/null\"]",
      "instances": [
        {
          "schema_version": 0,
          "attributes": {
            "id": "8243582359466885857",
            "triggers": {
              "repo_digest": "southamerica-west1-docker.pkg.dev/uade-476411/frontend/dev@sha256:deb788b451d0b4547b5aea2e9b29a0212a13261078fdd64fe8e79fc3a1ca2bc4"
            }
          },
          "sensitive_attributes": [],
          "identity_schema_version": 0,
          "dependencies": [
            "docker_image.frontend",
            "google_artifact_registry_repository.frontend"
          ]
        }
      ]
    }
  ],
  "check_results": null
}
